
Microsoft Visual Studio Solution File, Format Version 12.00
# Visual Studio Version 17
VisualStudioVersion = 17.5.33516.290
MinimumVisualStudioVersion = 10.0.40219.1
Project("{9A19103F-16F7-4668-BE54-9A1E7A4F7556}") = "TypesClass", "TypesClass\TypesClass.csproj", "{AE5160B4-0837-4100-97DF-144E25F31ED2}"
EndProject
Project("{9A19103F-16F7-4668-BE54-9A1E7A4F7556}") = "Generics", "Generics\Generics.csproj", "{60FAC9AE-45A4-4FB5-9A7A-3998A73EB796}"
EndProject
Project("{9A19103F-16F7-4668-BE54-9A1E7A4F7556}") = "FileSystemInDepth", "FileSystemInDepth\FileSystemInDepth.csproj", "{22A4FE1E-0A88-4BCC-A05A-194583AE4C91}"
EndProject
Project("{9A19103F-16F7-4668-BE54-9A1E7A4F7556}") = "DataSerialization", "DataSerialization\DataSerialization.csproj", "{F375BB20-6280-469A-A4FB-10075392FEA4}"
EndProject
Project("{9A19103F-16F7-4668-BE54-9A1E7A4F7556}") = "LambdaExpression", "LambdaExpression\LambdaExpression.csproj", "{0DD93860-B4F5-4C6A-BD80-3DAAFBAAE8A5}"
EndProject
Project("{9A19103F-16F7-4668-BE54-9A1E7A4F7556}") = "ExtensionMethods", "ExtensionMethods\ExtensionMethods.csproj", "{2ABB94B5-418F-4B7B-B227-D34CD4149107}"
EndProject
Project("{9A19103F-16F7-4668-BE54-9A1E7A4F7556}") = "LINQDemo", "LINQDemo\LINQDemo.csproj", "{F84668AE-CD9F-4B89-AABA-17DE45455A49}"
EndProject
Project("{FAE04EC0-301F-11D3-BF4B-00C04F79EFBC}") = "BaseLibraryFeatures", "BaseLibraryFeatures\BaseLibraryFeatures.csproj", "{B2D52065-5704-490F-93C1-DE5C4D56BC3D}"
EndProject
Global
	GlobalSection(SolutionConfigurationPlatforms) = preSolution
		Debug|Any CPU = Debug|Any CPU
		Release|Any CPU = Release|Any CPU
	EndGlobalSection
	GlobalSection(ProjectConfigurationPlatforms) = postSolution
		{AE5160B4-0837-4100-97DF-144E25F31ED2}.Debug|Any CPU.ActiveCfg = Debug|Any CPU
		{AE5160B4-0837-4100-97DF-144E25F31ED2}.Debug|Any CPU.Build.0 = Debug|Any CPU
		{AE5160B4-0837-4100-97DF-144E25F31ED2}.Release|Any CPU.ActiveCfg = Release|Any CPU
		{AE5160B4-0837-4100-97DF-144E25F31ED2}.Release|Any CPU.Build.0 = Release|Any CPU
		{60FAC9AE-45A4-4FB5-9A7A-3998A73EB796}.Debug|Any CPU.ActiveCfg = Debug|Any CPU
		{60FAC9AE-45A4-4FB5-9A7A-3998A73EB796}.Debug|Any CPU.Build.0 = Debug|Any CPU
		{60FAC9AE-45A4-4FB5-9A7A-3998A73EB796}.Release|Any CPU.ActiveCfg = Release|Any CPU
		{60FAC9AE-45A4-4FB5-9A7A-3998A73EB796}.Release|Any CPU.Build.0 = Release|Any CPU
		{22A4FE1E-0A88-4BCC-A05A-194583AE4C91}.Debug|Any CPU.ActiveCfg = Debug|Any CPU
		{22A4FE1E-0A88-4BCC-A05A-194583AE4C91}.Debug|Any CPU.Build.0 = Debug|Any CPU
		{22A4FE1E-0A88-4BCC-A05A-194583AE4C91}.Release|Any CPU.ActiveCfg = Release|Any CPU
		{22A4FE1E-0A88-4BCC-A05A-194583AE4C91}.Release|Any CPU.Build.0 = Release|Any CPU
		{F375BB20-6280-469A-A4FB-10075392FEA4}.Debug|Any CPU.ActiveCfg = Debug|Any CPU
		{F375BB20-6280-469A-A4FB-10075392FEA4}.Debug|Any CPU.Build.0 = Debug|Any CPU
		{F375BB20-6280-469A-A4FB-10075392FEA4}.Release|Any CPU.ActiveCfg = Release|Any CPU
		{F375BB20-6280-469A-A4FB-10075392FEA4}.Release|Any CPU.Build.0 = Release|Any CPU
		{0DD93860-B4F5-4C6A-BD80-3DAAFBAAE8A5}.Debug|Any CPU.ActiveCfg = Debug|Any CPU
		{0DD93860-B4F5-4C6A-BD80-3DAAFBAAE8A5}.Debug|Any CPU.Build.0 = Debug|Any CPU
		{0DD93860-B4F5-4C6A-BD80-3DAAFBAAE8A5}.Release|Any CPU.ActiveCfg = Release|Any CPU
		{0DD93860-B4F5-4C6A-BD80-3DAAFBAAE8A5}.Release|Any CPU.Build.0 = Release|Any CPU
		{2ABB94B5-418F-4B7B-B227-D34CD4149107}.Debug|Any CPU.ActiveCfg = Debug|Any CPU
		{2ABB94B5-418F-4B7B-B227-D34CD4149107}.Debug|Any CPU.Build.0 = Debug|Any CPU
		{2ABB94B5-418F-4B7B-B227-D34CD4149107}.Release|Any CPU.ActiveCfg = Release|Any CPU
		{2ABB94B5-418F-4B7B-B227-D34CD4149107}.Release|Any CPU.Build.0 = Release|Any CPU
		{F84668AE-CD9F-4B89-AABA-17DE45455A49}.Debug|Any CPU.ActiveCfg = Debug|Any CPU
		{F84668AE-CD9F-4B89-AABA-17DE45455A49}.Debug|Any CPU.Build.0 = Debug|Any CPU
		{F84668AE-CD9F-4B89-AABA-17DE45455A49}.Release|Any CPU.ActiveCfg = Release|Any CPU
		{F84668AE-CD9F-4B89-AABA-17DE45455A49}.Release|Any CPU.Build.0 = Release|Any CPU
		{B2D52065-5704-490F-93C1-DE5C4D56BC3D}.Debug|Any CPU.ActiveCfg = Debug|Any CPU
		{B2D52065-5704-490F-93C1-DE5C4D56BC3D}.Debug|Any CPU.Build.0 = Debug|Any CPU
		{B2D52065-5704-490F-93C1-DE5C4D56BC3D}.Release|Any CPU.ActiveCfg = Release|Any CPU
		{B2D52065-5704-490F-93C1-DE5C4D56BC3D}.Release|Any CPU.Build.0 = Release|Any CPU
	EndGlobalSection
	GlobalSection(SolutionProperties) = preSolution
		HideSolutionNode = FALSE
	EndGlobalSection
	GlobalSection(ExtensibilityGlobals) = postSolution
		SolutionGuid = {AF466F08-A49D-4A40-9500-2F2626883351}
	EndGlobalSection
EndGlobal
